
Microsoft Visual Studio Solution File, Format Version 12.00
# Visual Studio Version 16
VisualStudioVersion = 16.0.29728.190
MinimumVisualStudioVersion = 10.0.40219.1
Project("{9A19103F-16F7-4668-BE54-9A1E7A4F7556}") = "Nager.VideoStream", "Nager.VideoStream\Nager.VideoStream.csproj", "{D6D2E338-0FAE-4B15-98D7-6B70BD4B91A0}"
EndProject
Project("{FAE04EC0-301F-11D3-BF4B-00C04F79EFBC}") = "Nager.VideoStream.TestConsole", "Nager.VideoStream.TestConsole\Nager.VideoStream.TestConsole.csproj", "{F02C8810-0CDB-401B-A701-2686F0EBB1E0}"
EndProject
Global
	GlobalSection(SolutionConfigurationPlatforms) = preSolution
		Debug|Any CPU = Debug|Any CPU
		Release|Any CPU = Release|Any CPU
	EndGlobalSection
	GlobalSection(ProjectConfigurationPlatforms) = postSolution
		{D6D2E338-0FAE-4B15-98D7-6B70BD4B91A0}.Debug|Any CPU.ActiveCfg = Debug|Any CPU
		{D6D2E338-0FAE-4B15-98D7-6B70BD4B91A0}.Debug|Any CPU.Build.0 = Debug|Any CPU
		{D6D2E338-0FAE-4B15-98D7-6B70BD4B91A0}.Release|Any CPU.ActiveCfg = Release|Any CPU
		{D6D2E338-0FAE-4B15-98D7-6B70BD4B91A0}.Release|Any CPU.Build.0 = Release|Any CPU
		{F02C8810-0CDB-401B-A701-2686F0EBB1E0}.Debug|Any CPU.ActiveCfg = Debug|Any CPU
		{F02C8810-0CDB-401B-A701-2686F0EBB1E0}.Debug|Any CPU.Build.0 = Debug|Any CPU
		{F02C8810-0CDB-401B-A701-2686F0EBB1E0}.Release|Any CPU.ActiveCfg = Release|Any CPU
		{F02C8810-0CDB-401B-A701-2686F0EBB1E0}.Release|Any CPU.Build.0 = Release|Any CPU
	EndGlobalSection
	GlobalSection(SolutionProperties) = preSolution
		HideSolutionNode = FALSE
	EndGlobalSection
	GlobalSection(ExtensibilityGlobals) = postSolution
		SolutionGuid = {A66B133B-23CC-4308-8A9A-6652E8666702}
	EndGlobalSection
EndGlobal
